
Microsoft Visual Studio Solution File, Format Version 12.00
# Visual Studio Version 16
VisualStudioVersion = 16.0.31410.357
MinimumVisualStudioVersion = 10.0.40219.1
Project("{FAE04EC0-301F-11D3-BF4B-00C04F79EFBC}") = "ProcessorSimulator", "ProcessorSimulator\ProcessorSimulator.csproj", "{8FCB8D73-C00F-4535-82AA-E7DA6E1551AC}"
EndProject
Global
	GlobalSection(SolutionConfigurationPlatforms) = preSolution
		Debug|Any CPU = Debug|Any CPU
		Release|Any CPU = Release|Any CPU
	EndGlobalSection
	GlobalSection(ProjectConfigurationPlatforms) = postSolution
		{8FCB8D73-C00F-4535-82AA-E7DA6E1551AC}.Debug|Any CPU.ActiveCfg = Debug|Any CPU
		{8FCB8D73-C00F-4535-82AA-E7DA6E1551AC}.Debug|Any CPU.Build.0 = Debug|Any CPU
		{8FCB8D73-C00F-4535-82AA-E7DA6E1551AC}.Release|Any CPU.ActiveCfg = Release|Any CPU
		{8FCB8D73-C00F-4535-82AA-E7DA6E1551AC}.Release|Any CPU.Build.0 = Release|Any CPU
	EndGlobalSection
	GlobalSection(SolutionProperties) = preSolution
		HideSolutionNode = FALSE
	EndGlobalSection
	GlobalSection(ExtensibilityGlobals) = postSolution
		SolutionGuid = {061ADC5C-E0D3-4BC8-8445-38ED8C0470FA}
	EndGlobalSection
EndGlobal
